// !$*UTF8*$!
{
	archiveVersion = 1;
	classes = {
	};
	objectVersion = 48;
	objects = {

/* Begin PBXBuildFile section */
		043DF1342029C516007D70DF /* CommonCrypto.framework in Frameworks */ = {isa = PBXBuildFile; fileRef = 043DF1332029C516007D70DF /* CommonCrypto.framework */; };
		043DF1352029C516007D70DF /* CommonCrypto.framework in Frameworks */ = {isa = PBXBuildFile; fileRef = 043DF1332029C516007D70DF /* CommonCrypto.framework */; };
		043DF1362029C53A007D70DF /* CommonCrypto.framework in Frameworks */ = {isa = PBXBuildFile; fileRef = 043DF1332029C516007D70DF /* CommonCrypto.framework */; };
		043DF1372029C53A007D70DF /* CommonCrypto.framework in Embed Frameworks */ = {isa = PBXBuildFile; fileRef = 043DF1332029C516007D70DF /* CommonCrypto.framework */; settings = {ATTRIBUTES = (CodeSignOnCopy, RemoveHeadersOnCopy, ); }; };
		04B1B3D120299ABE00EEF6DE /* CocoaAsyncSocket.framework in Frameworks */ = {isa = PBXBuildFile; fileRef = 04F800AD2029938200573EA6 /* CocoaAsyncSocket.framework */; };
		04B1B3D220299ABE00EEF6DE /* CocoaLumberjack.framework in Frameworks */ = {isa = PBXBuildFile; fileRef = 04F800AF2029938200573EA6 /* CocoaLumberjack.framework */; };
		04B1B3D320299ABE00EEF6DE /* CocoaLumberjackSwift.framework in Frameworks */ = {isa = PBXBuildFile; fileRef = 04F800AE2029938200573EA6 /* CocoaLumberjackSwift.framework */; };
		04B1B3D420299ABE00EEF6DE /* lwip.framework in Frameworks */ = {isa = PBXBuildFile; fileRef = 04F800B22029938200573EA6 /* lwip.framework */; };
		04B1B3D520299ABE00EEF6DE /* MMDB.framework in Frameworks */ = {isa = PBXBuildFile; fileRef = 04F800B12029938200573EA6 /* MMDB.framework */; };
		04B1B3D620299ABE00EEF6DE /* NEKit.framework in Frameworks */ = {isa = PBXBuildFile; fileRef = 04F800B62029938300573EA6 /* NEKit.framework */; };
		04B1B3D720299ABE00EEF6DE /* Resolver.framework in Frameworks */ = {isa = PBXBuildFile; fileRef = 04F800B42029938300573EA6 /* Resolver.framework */; };
		04B1B3D820299ABE00EEF6DE /* Sodium.framework in Frameworks */ = {isa = PBXBuildFile; fileRef = 04F800B52029938300573EA6 /* Sodium.framework */; };
		04B1B3D920299ABE00EEF6DE /* tun2socks.framework in Frameworks */ = {isa = PBXBuildFile; fileRef = 04F800B32029938200573EA6 /* tun2socks.framework */; };
		04B1B3DA20299ABE00EEF6DE /* Yaml.framework in Frameworks */ = {isa = PBXBuildFile; fileRef = 04F800B02029938200573EA6 /* Yaml.framework */; };
		04B1B3DD20299D7A00EEF6DE /* NetworkExtension.framework in Frameworks */ = {isa = PBXBuildFile; fileRef = 04F800D32029941D00573EA6 /* NetworkExtension.framework */; };
		04B1B3DE2029A49400EEF6DE /* NEKit.framework in Frameworks */ = {isa = PBXBuildFile; fileRef = 04F800B62029938300573EA6 /* NEKit.framework */; };
		04B1B3DF2029A4B900EEF6DE /* NEKit.framework in Frameworks */ = {isa = PBXBuildFile; fileRef = 04F800B62029938300573EA6 /* NEKit.framework */; };
		04B1B3E02029A4B900EEF6DE /* NEKit.framework in Embed Frameworks */ = {isa = PBXBuildFile; fileRef = 04F800B62029938300573EA6 /* NEKit.framework */; settings = {ATTRIBUTES = (CodeSignOnCopy, RemoveHeadersOnCopy, ); }; };
		04B1B3E22029BD8E00EEF6DE /* VpnManager.swift in Sources */ = {isa = PBXBuildFile; fileRef = 04B1B3E12029BD8E00EEF6DE /* VpnManager.swift */; };
		04F800CA2029940300573EA6 /* PacketTunnelProvider.swift in Sources */ = {isa = PBXBuildFile; fileRef = 04F800C92029940300573EA6 /* PacketTunnelProvider.swift */; };
		04F800CE2029940300573EA6 /* PocketTunnelProvider.appex in Embed App Extensions */ = {isa = PBXBuildFile; fileRef = 04F800C52029940300573EA6 /* PocketTunnelProvider.appex */; settings = {ATTRIBUTES = (RemoveHeadersOnCopy, ); }; };
		04F800D42029941D00573EA6 /* NetworkExtension.framework in Frameworks */ = {isa = PBXBuildFile; fileRef = 04F800D32029941D00573EA6 /* NetworkExtension.framework */; };
		04F800EF2029973A00573EA6 /* CocoaAsyncSocket.framework in Frameworks */ = {isa = PBXBuildFile; fileRef = 04F800AD2029938200573EA6 /* CocoaAsyncSocket.framework */; };
		04F800F02029973A00573EA6 /* CocoaAsyncSocket.framework in Embed Frameworks */ = {isa = PBXBuildFile; fileRef = 04F800AD2029938200573EA6 /* CocoaAsyncSocket.framework */; settings = {ATTRIBUTES = (CodeSignOnCopy, RemoveHeadersOnCopy, ); }; };
		04F800F12029973A00573EA6 /* CocoaLumberjack.framework in Frameworks */ = {isa = PBXBuildFile; fileRef = 04F800AF2029938200573EA6 /* CocoaLumberjack.framework */; };
		04F800F22029973A00573EA6 /* CocoaLumberjack.framework in Embed Frameworks */ = {isa = PBXBuildFile; fileRef = 04F800AF2029938200573EA6 /* CocoaLumberjack.framework */; settings = {ATTRIBUTES = (CodeSignOnCopy, RemoveHeadersOnCopy, ); }; };
		04F800F32029973A00573EA6 /* CocoaLumberjackSwift.framework in Frameworks */ = {isa = PBXBuildFile; fileRef = 04F800AE2029938200573EA6 /* CocoaLumberjackSwift.framework */; };
		04F800F42029973A00573EA6 /* CocoaLumberjackSwift.framework in Embed Frameworks */ = {isa = PBXBuildFile; fileRef = 04F800AE2029938200573EA6 /* CocoaLumberjackSwift.framework */; settings = {ATTRIBUTES = (CodeSignOnCopy, RemoveHeadersOnCopy, ); }; };
		04F800F52029973A00573EA6 /* lwip.framework in Frameworks */ = {isa = PBXBuildFile; fileRef = 04F800B22029938200573EA6 /* lwip.framework */; };
		04F800F62029973A00573EA6 /* lwip.framework in Embed Frameworks */ = {isa = PBXBuildFile; fileRef = 04F800B22029938200573EA6 /* lwip.framework */; settings = {ATTRIBUTES = (CodeSignOnCopy, RemoveHeadersOnCopy, ); }; };
		04F800F72029973A00573EA6 /* MMDB.framework in Frameworks */ = {isa = PBXBuildFile; fileRef = 04F800B12029938200573EA6 /* MMDB.framework */; };
		04F800F82029973A00573EA6 /* MMDB.framework in Embed Frameworks */ = {isa = PBXBuildFile; fileRef = 04F800B12029938200573EA6 /* MMDB.framework */; settings = {ATTRIBUTES = (CodeSignOnCopy, RemoveHeadersOnCopy, ); }; };
		04F800FB2029973A00573EA6 /* Resolver.framework in Frameworks */ = {isa = PBXBuildFile; fileRef = 04F800B42029938300573EA6 /* Resolver.framework */; };
		04F800FC2029973A00573EA6 /* Resolver.framework in Embed Frameworks */ = {isa = PBXBuildFile; fileRef = 04F800B42029938300573EA6 /* Resolver.framework */; settings = {ATTRIBUTES = (CodeSignOnCopy, RemoveHeadersOnCopy, ); }; };
		04F800FD2029973A00573EA6 /* Sodium.framework in Frameworks */ = {isa = PBXBuildFile; fileRef = 04F800B52029938300573EA6 /* Sodium.framework */; };
		04F800FE2029973A00573EA6 /* Sodium.framework in Embed Frameworks */ = {isa = PBXBuildFile; fileRef = 04F800B52029938300573EA6 /* Sodium.framework */; settings = {ATTRIBUTES = (CodeSignOnCopy, RemoveHeadersOnCopy, ); }; };
		04F800FF2029973A00573EA6 /* tun2socks.framework in Frameworks */ = {isa = PBXBuildFile; fileRef = 04F800B32029938200573EA6 /* tun2socks.framework */; };
		04F801002029973A00573EA6 /* tun2socks.framework in Embed Frameworks */ = {isa = PBXBuildFile; fileRef = 04F800B32029938200573EA6 /* tun2socks.framework */; settings = {ATTRIBUTES = (CodeSignOnCopy, RemoveHeadersOnCopy, ); }; };
		04F801012029973A00573EA6 /* Yaml.framework in Frameworks */ = {isa = PBXBuildFile; fileRef = 04F800B02029938200573EA6 /* Yaml.framework */; };
		04F801022029973A00573EA6 /* Yaml.framework in Embed Frameworks */ = {isa = PBXBuildFile; fileRef = 04F800B02029938200573EA6 /* Yaml.framework */; settings = {ATTRIBUTES = (CodeSignOnCopy, RemoveHeadersOnCopy, ); }; };
		04F8FE742029854900573EA6 /* AppDelegate.swift in Sources */ = {isa = PBXBuildFile; fileRef = 04F8FE732029854900573EA6 /* AppDelegate.swift */; };
		04F8FE762029854900573EA6 /* ViewController.swift in Sources */ = {isa = PBXBuildFile; fileRef = 04F8FE752029854900573EA6 /* ViewController.swift */; };
		04F8FE792029854900573EA6 /* Main.storyboard in Resources */ = {isa = PBXBuildFile; fileRef = 04F8FE772029854900573EA6 /* Main.storyboard */; };
		04F8FE7B2029854900573EA6 /* Assets.xcassets in Resources */ = {isa = PBXBuildFile; fileRef = 04F8FE7A2029854900573EA6 /* Assets.xcassets */; };
		04F8FE7E2029854900573EA6 /* LaunchScreen.storyboard in Resources */ = {isa = PBXBuildFile; fileRef = 04F8FE7C2029854900573EA6 /* LaunchScreen.storyboard */; };
/* End PBXBuildFile section */

/* Begin PBXContainerItemProxy section */
		04F800CC2029940300573EA6 /* PBXContainerItemProxy */ = {
			isa = PBXContainerItemProxy;
			containerPortal = 04F8FE682029854900573EA6 /* Project object */;
			proxyType = 1;
			remoteGlobalIDString = 04F800C42029940300573EA6;
			remoteInfo = PocketTunnelProvider;
		};
/* End PBXContainerItemProxy section */

/* Begin PBXCopyFilesBuildPhase section */
		04F800D22029940300573EA6 /* Embed App Extensions */ = {
			isa = PBXCopyFilesBuildPhase;
			buildActionMask = 2147483647;
			dstPath = "";
			dstSubfolderSpec = 13;
			files = (
				04F800CE2029940300573EA6 /* PocketTunnelProvider.appex in Embed App Extensions */,
			);
			name = "Embed App Extensions";
			runOnlyForDeploymentPostprocessing = 0;
		};
		04F801032029973A00573EA6 /* Embed Frameworks */ = {
			isa = PBXCopyFilesBuildPhase;
			buildActionMask = 2147483647;
			dstPath = "";
			dstSubfolderSpec = 10;
			files = (
				04F800FC2029973A00573EA6 /* Resolver.framework in Embed Frameworks */,
				04F800F42029973A00573EA6 /* CocoaLumberjackSwift.framework in Embed Frameworks */,
				04F800F02029973A00573EA6 /* CocoaAsyncSocket.framework in Embed Frameworks */,
				04F800F22029973A00573EA6 /* CocoaLumberjack.framework in Embed Frameworks */,
				04B1B3E02029A4B900EEF6DE /* NEKit.framework in Embed Frameworks */,
				04F800FE2029973A00573EA6 /* Sodium.framework in Embed Frameworks */,
				04F800F62029973A00573EA6 /* lwip.framework in Embed Frameworks */,
				04F800F82029973A00573EA6 /* MMDB.framework in Embed Frameworks */,
				04F801022029973A00573EA6 /* Yaml.framework in Embed Frameworks */,
				043DF1372029C53A007D70DF /* CommonCrypto.framework in Embed Frameworks */,
				04F801002029973A00573EA6 /* tun2socks.framework in Embed Frameworks */,
			);
			name = "Embed Frameworks";
			runOnlyForDeploymentPostprocessing = 0;
		};
/* End PBXCopyFilesBuildPhase section */

/* Begin PBXFileReference section */
		043DF1332029C516007D70DF /* CommonCrypto.framework */ = {isa = PBXFileReference; lastKnownFileType = wrapper.framework; name = CommonCrypto.framework; path = Carthage/Build/iOS/CommonCrypto.framework; sourceTree = SOURCE_ROOT; };
		04B1B3E12029BD8E00EEF6DE /* VpnManager.swift */ = {isa = PBXFileReference; fileEncoding = 4; lastKnownFileType = sourcecode.swift; path = VpnManager.swift; sourceTree = "<group>"; };
		04F800AD2029938200573EA6 /* CocoaAsyncSocket.framework */ = {isa = PBXFileReference; lastKnownFileType = wrapper.framework; name = CocoaAsyncSocket.framework; path = Carthage/Build/iOS/CocoaAsyncSocket.framework; sourceTree = SOURCE_ROOT; };
		04F800AE2029938200573EA6 /* CocoaLumberjackSwift.framework */ = {isa = PBXFileReference; lastKnownFileType = wrapper.framework; name = CocoaLumberjackSwift.framework; path = Carthage/Build/iOS/CocoaLumberjackSwift.framework; sourceTree = SOURCE_ROOT; };
		04F800AF2029938200573EA6 /* CocoaLumberjack.framework */ = {isa = PBXFileReference; lastKnownFileType = wrapper.framework; name = CocoaLumberjack.framework; path = Carthage/Build/iOS/CocoaLumberjack.framework; sourceTree = SOURCE_ROOT; };
		04F800B02029938200573EA6 /* Yaml.framework */ = {isa = PBXFileReference; lastKnownFileType = wrapper.framework; name = Yaml.framework; path = Carthage/Build/iOS/Yaml.framework; sourceTree = SOURCE_ROOT; };
		04F800B12029938200573EA6 /* MMDB.framework */ = {isa = PBXFileReference; lastKnownFileType = wrapper.framework; name = MMDB.framework; path = Carthage/Build/iOS/MMDB.framework; sourceTree = SOURCE_ROOT; };
		04F800B22029938200573EA6 /* lwip.framework */ = {isa = PBXFileReference; lastKnownFileType = wrapper.framework; name = lwip.framework; path = Carthage/Build/iOS/lwip.framework; sourceTree = SOURCE_ROOT; };
		04F800B32029938200573EA6 /* tun2socks.framework */ = {isa = PBXFileReference; lastKnownFileType = wrapper.framework; name = tun2socks.framework; path = Carthage/Build/iOS/tun2socks.framework; sourceTree = SOURCE_ROOT; };
		04F800B42029938300573EA6 /* Resolver.framework */ = {isa = PBXFileReference; lastKnownFileType = wrapper.framework; name = Resolver.framework; path = Carthage/Build/iOS/Resolver.framework; sourceTree = SOURCE_ROOT; };
		04F800B52029938300573EA6 /* Sodium.framework */ = {isa = PBXFileReference; lastKnownFileType = wrapper.framework; name = Sodium.framework; path = Carthage/Build/iOS/Sodium.framework; sourceTree = SOURCE_ROOT; };
		04F800B62029938300573EA6 /* NEKit.framework */ = {isa = PBXFileReference; lastKnownFileType = wrapper.framework; name = NEKit.framework; path = Carthage/Build/iOS/NEKit.framework; sourceTree = SOURCE_ROOT; };
		04F800C52029940300573EA6 /* PocketTunnelProvider.appex */ = {isa = PBXFileReference; explicitFileType = "wrapper.app-extension"; includeInIndex = 0; path = PocketTunnelProvider.appex; sourceTree = BUILT_PRODUCTS_DIR; };
		04F800C82029940300573EA6 /* PocketTunnelProvider.entitlements */ = {isa = PBXFileReference; lastKnownFileType = text.plist.entitlements; path = PocketTunnelProvider.entitlements; sourceTree = "<group>"; };
		04F800C92029940300573EA6 /* PacketTunnelProvider.swift */ = {isa = PBXFileReference; lastKnownFileType = sourcecode.swift; path = PacketTunnelProvider.swift; sourceTree = "<group>"; };
		04F800CB2029940300573EA6 /* Info.plist */ = {isa = PBXFileReference; lastKnownFileType = text.plist.xml; path = Info.plist; sourceTree = "<group>"; };
		04F800D32029941D00573EA6 /* NetworkExtension.framework */ = {isa = PBXFileReference; lastKnownFileType = wrapper.framework; name = NetworkExtension.framework; path = System/Library/Frameworks/NetworkExtension.framework; sourceTree = SDKROOT; };
		04F800D62029942500573EA6 /* XTool.entitlements */ = {isa = PBXFileReference; lastKnownFileType = text.plist.entitlements; path = XTool.entitlements; sourceTree = "<group>"; };
		04F8FE702029854900573EA6 /* XTool.app */ = {isa = PBXFileReference; explicitFileType = wrapper.application; includeInIndex = 0; path = XTool.app; sourceTree = BUILT_PRODUCTS_DIR; };
		04F8FE732029854900573EA6 /* AppDelegate.swift */ = {isa = PBXFileReference; lastKnownFileType = sourcecode.swift; path = AppDelegate.swift; sourceTree = "<group>"; };
		04F8FE752029854900573EA6 /* ViewController.swift */ = {isa = PBXFileReference; lastKnownFileType = sourcecode.swift; path = ViewController.swift; sourceTree = "<group>"; };
		04F8FE782029854900573EA6 /* Base */ = {isa = PBXFileReference; lastKnownFileType = file.storyboard; name = Base; path = Base.lproj/Main.storyboard; sourceTree = "<group>"; };
		04F8FE7A2029854900573EA6 /* Assets.xcassets */ = {isa = PBXFileReference; lastKnownFileType = folder.assetcatalog; path = Assets.xcassets; sourceTree = "<group>"; };
		04F8FE7D2029854900573EA6 /* Base */ = {isa = PBXFileReference; lastKnownFileType = file.storyboard; name = Base; path = Base.lproj/LaunchScreen.storyboard; sourceTree = "<group>"; };
		04F8FE7F2029854900573EA6 /* Info.plist */ = {isa = PBXFileReference; lastKnownFileType = text.plist.xml; path = Info.plist; sourceTree = "<group>"; };
/* End PBXFileReference section */

/* Begin PBXFrameworksBuildPhase section */
		04F800C22029940300573EA6 /* Frameworks */ = {
			isa = PBXFrameworksBuildPhase;
			buildActionMask = 2147483647;
			files = (
				04B1B3D720299ABE00EEF6DE /* Resolver.framework in Frameworks */,
				04B1B3D320299ABE00EEF6DE /* CocoaLumberjackSwift.framework in Frameworks */,
				04B1B3D120299ABE00EEF6DE /* CocoaAsyncSocket.framework in Frameworks */,
				04B1B3D220299ABE00EEF6DE /* CocoaLumberjack.framework in Frameworks */,
				043DF1352029C516007D70DF /* CommonCrypto.framework in Frameworks */,
				04B1B3D820299ABE00EEF6DE /* Sodium.framework in Frameworks */,
				04B1B3D420299ABE00EEF6DE /* lwip.framework in Frameworks */,
				04B1B3D520299ABE00EEF6DE /* MMDB.framework in Frameworks */,
				04B1B3DA20299ABE00EEF6DE /* Yaml.framework in Frameworks */,
				04B1B3D920299ABE00EEF6DE /* tun2socks.framework in Frameworks */,
				04B1B3D620299ABE00EEF6DE /* NEKit.framework in Frameworks */,
				04F800D42029941D00573EA6 /* NetworkExtension.framework in Frameworks */,
			);
			runOnlyForDeploymentPostprocessing = 0;
		};
		04F8FE6D2029854900573EA6 /* Frameworks */ = {
			isa = PBXFrameworksBuildPhase;
			buildActionMask = 2147483647;
			files = (
				04F800FB2029973A00573EA6 /* Resolver.framework in Frameworks */,
				04F800F32029973A00573EA6 /* CocoaLumberjackSwift.framework in Frameworks */,
				04F800EF2029973A00573EA6 /* CocoaAsyncSocket.framework in Frameworks */,
				04B1B3DD20299D7A00EEF6DE /* NetworkExtension.framework in Frameworks */,
				043DF1362029C53A007D70DF /* CommonCrypto.framework in Frameworks */,
				04F800F12029973A00573EA6 /* CocoaLumberjack.framework in Frameworks */,
				04F800FD2029973A00573EA6 /* Sodium.framework in Frameworks */,
				04F800F52029973A00573EA6 /* lwip.framework in Frameworks */,
				04F800F72029973A00573EA6 /* MMDB.framework in Frameworks */,
				04F801012029973A00573EA6 /* Yaml.framework in Frameworks */,
				043DF1342029C516007D70DF /* CommonCrypto.framework in Frameworks */,
				04B1B3DE2029A49400EEF6DE /* NEKit.framework in Frameworks */,
				04B1B3DF2029A4B900EEF6DE /* NEKit.framework in Frameworks */,
				04F800FF2029973A00573EA6 /* tun2socks.framework in Frameworks */,
			);
			runOnlyForDeploymentPostprocessing = 0;
		};
/* End PBXFrameworksBuildPhase section */

/* Begin PBXGroup section */
		04F800C62029940300573EA6 /* PocketTunnelProvider */ = {
			isa = PBXGroup;
			children = (
				04F800C92029940300573EA6 /* PacketTunnelProvider.swift */,
				04F800CB2029940300573EA6 /* Info.plist */,
				04F800C72029940300573EA6 /* Supporting Files */,
			);
			path = PocketTunnelProvider;
			sourceTree = "<group>";
		};
		04F800C72029940300573EA6 /* Supporting Files */ = {
			isa = PBXGroup;
			children = (
				04F800C82029940300573EA6 /* PocketTunnelProvider.entitlements */,
			);
			name = "Supporting Files";
			sourceTree = "<group>";
		};
		04F8FE672029854900573EA6 = {
			isa = PBXGroup;
			children = (
				04F8FE722029854900573EA6 /* XTool */,
				04F800C62029940300573EA6 /* PocketTunnelProvider */,
				04F8FE712029854900573EA6 /* Products */,
				04F8FE9E2029878500573EA6 /* Vendor */,
				04F8FE882029871000573EA6 /* Frameworks */,
			);
			sourceTree = "<group>";
		};
		04F8FE712029854900573EA6 /* Products */ = {
			isa = PBXGroup;
			children = (
				04F8FE702029854900573EA6 /* XTool.app */,
				04F800C52029940300573EA6 /* PocketTunnelProvider.appex */,
			);
			name = Products;
			sourceTree = "<group>";
		};
		04F8FE722029854900573EA6 /* XTool */ = {
			isa = PBXGroup;
			children = (
				04F800D62029942500573EA6 /* XTool.entitlements */,
				04F8FE732029854900573EA6 /* AppDelegate.swift */,
				04F8FE752029854900573EA6 /* ViewController.swift */,
				04B1B3E12029BD8E00EEF6DE /* VpnManager.swift */,
				04F8FE772029854900573EA6 /* Main.storyboard */,
				04F8FE7A2029854900573EA6 /* Assets.xcassets */,
				04F8FE7C2029854900573EA6 /* LaunchScreen.storyboard */,
				04F8FE7F2029854900573EA6 /* Info.plist */,
			);
			path = XTool;
			sourceTree = "<group>";
		};
		04F8FE882029871000573EA6 /* Frameworks */ = {
			isa = PBXGroup;
			children = (
				043DF1332029C516007D70DF /* CommonCrypto.framework */,
				04F800D32029941D00573EA6 /* NetworkExtension.framework */,
				04F800AD2029938200573EA6 /* CocoaAsyncSocket.framework */,
				04F800AF2029938200573EA6 /* CocoaLumberjack.framework */,
				04F800AE2029938200573EA6 /* CocoaLumberjackSwift.framework */,
				04F800B22029938200573EA6 /* lwip.framework */,
				04F800B12029938200573EA6 /* MMDB.framework */,
				04F800B62029938300573EA6 /* NEKit.framework */,
				04F800B42029938300573EA6 /* Resolver.framework */,
				04F800B52029938300573EA6 /* Sodium.framework */,
				04F800B32029938200573EA6 /* tun2socks.framework */,
				04F800B02029938200573EA6 /* Yaml.framework */,
			);
			path = Frameworks;
			sourceTree = "<group>";
		};
		04F8FE9E2029878500573EA6 /* Vendor */ = {
			isa = PBXGroup;
			children = (
			);
			path = Vendor;
			sourceTree = "<group>";
		};
/* End PBXGroup section */

/* Begin PBXNativeTarget section */
		04F800C42029940300573EA6 /* PocketTunnelProvider */ = {
			isa = PBXNativeTarget;
			buildConfigurationList = 04F800CF2029940300573EA6 /* Build configuration list for PBXNativeTarget "PocketTunnelProvider" */;
			buildPhases = (
				04F800C12029940300573EA6 /* Sources */,
				04F800C22029940300573EA6 /* Frameworks */,
				04F800C32029940300573EA6 /* Resources */,
			);
			buildRules = (
			);
			dependencies = (
			);
			name = PocketTunnelProvider;
			productName = PocketTunnelProvider;
			productReference = 04F800C52029940300573EA6 /* PocketTunnelProvider.appex */;
			productType = "com.apple.product-type.app-extension";
		};
		04F8FE6F2029854900573EA6 /* XTool */ = {
			isa = PBXNativeTarget;
			buildConfigurationList = 04F8FE822029854900573EA6 /* Build configuration list for PBXNativeTarget "XTool" */;
			buildPhases = (
				04F8FE6C2029854900573EA6 /* Sources */,
				04F8FE6D2029854900573EA6 /* Frameworks */,
				04F8FE6E2029854900573EA6 /* Resources */,
				04F800D22029940300573EA6 /* Embed App Extensions */,
				04F801032029973A00573EA6 /* Embed Frameworks */,
			);
			buildRules = (
			);
			dependencies = (
				04F800CD2029940300573EA6 /* PBXTargetDependency */,
			);
			name = XTool;
			productName = XTool;
			productReference = 04F8FE702029854900573EA6 /* XTool.app */;
			productType = "com.apple.product-type.application";
		};
/* End PBXNativeTarget section */

/* Begin PBXProject section */
		04F8FE682029854900573EA6 /* Project object */ = {
			isa = PBXProject;
			attributes = {
				LastSwiftUpdateCheck = 0920;
				LastUpgradeCheck = 0920;
				ORGANIZATIONNAME = tpeng;
				TargetAttributes = {
					04F800C42029940300573EA6 = {
						CreatedOnToolsVersion = 9.2;
						ProvisioningStyle = Automatic;
						SystemCapabilities = {
							com.apple.NetworkExtensions.iOS = {
								enabled = 1;
							};
							com.apple.VPNLite = {
								enabled = 1;
							};
						};
					};
					04F8FE6F2029854900573EA6 = {
						CreatedOnToolsVersion = 9.2;
						ProvisioningStyle = Automatic;
						SystemCapabilities = {
							com.apple.ApplicationGroups.iOS = {
								enabled = 1;
							};
							com.apple.NetworkExtensions.iOS = {
								enabled = 1;
							};
							com.apple.VPNLite = {
								enabled = 1;
							};
						};
					};
				};
			};
			buildConfigurationList = 04F8FE6B2029854900573EA6 /* Build configuration list for PBXProject "XTool" */;
			compatibilityVersion = "Xcode 8.0";
			developmentRegion = en;
			hasScannedForEncodings = 0;
			knownRegions = (
				en,
				Base,
			);
			mainGroup = 04F8FE672029854900573EA6;
			productRefGroup = 04F8FE712029854900573EA6 /* Products */;
			projectDirPath = "";
			projectRoot = "";
			targets = (
				04F8FE6F2029854900573EA6 /* XTool */,
				04F800C42029940300573EA6 /* PocketTunnelProvider */,
			);
		};
/* End PBXProject section */

/* Begin PBXResourcesBuildPhase section */
		04F800C32029940300573EA6 /* Resources */ = {
			isa = PBXResourcesBuildPhase;
			buildActionMask = 2147483647;
			files = (
			);
			runOnlyForDeploymentPostprocessing = 0;
		};
		04F8FE6E2029854900573EA6 /* Resources */ = {
			isa = PBXResourcesBuildPhase;
			buildActionMask = 2147483647;
			files = (
				04F8FE7E2029854900573EA6 /* LaunchScreen.storyboard in Resources */,
				04F8FE7B2029854900573EA6 /* Assets.xcassets in Resources */,
				04F8FE792029854900573EA6 /* Main.storyboard in Resources */,
			);
			runOnlyForDeploymentPostprocessing = 0;
		};
/* End PBXResourcesBuildPhase section */

/* Begin PBXSourcesBuildPhase section */
		04F800C12029940300573EA6 /* Sources */ = {
			isa = PBXSourcesBuildPhase;
			buildActionMask = 2147483647;
			files = (
				04F800CA2029940300573EA6 /* PacketTunnelProvider.swift in Sources */,
			);
			runOnlyForDeploymentPostprocessing = 0;
		};
		04F8FE6C2029854900573EA6 /* Sources */ = {
			isa = PBXSourcesBuildPhase;
			buildActionMask = 2147483647;
			files = (
				04F8FE762029854900573EA6 /* ViewController.swift in Sources */,
				04F8FE742029854900573EA6 /* AppDelegate.swift in Sources */,
				04B1B3E22029BD8E00EEF6DE /* VpnManager.swift in Sources */,
			);
			runOnlyForDeploymentPostprocessing = 0;
		};
/* End PBXSourcesBuildPhase section */

/* Begin PBXTargetDependency section */
		04F800CD2029940300573EA6 /* PBXTargetDependency */ = {
			isa = PBXTargetDependency;
			target = 04F800C42029940300573EA6 /* PocketTunnelProvider */;
			targetProxy = 04F800CC2029940300573EA6 /* PBXContainerItemProxy */;
		};
/* End PBXTargetDependency section */

/* Begin PBXVariantGroup section */
		04F8FE772029854900573EA6 /* Main.storyboard */ = {
			isa = PBXVariantGroup;
			children = (
				04F8FE782029854900573EA6 /* Base */,
			);
			name = Main.storyboard;
			sourceTree = "<group>";
		};
		04F8FE7C2029854900573EA6 /* LaunchScreen.storyboard */ = {
			isa = PBXVariantGroup;
			children = (
				04F8FE7D2029854900573EA6 /* Base */,
			);
			name = LaunchScreen.storyboard;
			sourceTree = "<group>";
		};
/* End PBXVariantGroup section */

/* Begin XCBuildConfiguration section */
		04F800D02029940300573EA6 /* Debug */ = {
			isa = XCBuildConfiguration;
			buildSettings = {
				CODE_SIGN_ENTITLEMENTS = PocketTunnelProvider/PocketTunnelProvider.entitlements;
				CODE_SIGN_STYLE = Automatic;
				DEVELOPMENT_TEAM = 673R2667ZY;
				FRAMEWORK_SEARCH_PATHS = (
					"$(inherited)",
					"$(PROJECT_DIR)/Carthage/Build/iOS",
				);
				INFOPLIST_FILE = PocketTunnelProvider/Info.plist;
				IPHONEOS_DEPLOYMENT_TARGET = 9.3;
				LD_RUNPATH_SEARCH_PATHS = "$(inherited) @executable_path/Frameworks @executable_path/../../Frameworks";
				PRODUCT_BUNDLE_IDENTIFIER = com.tttpeng.XTool.PocketTunnelProvider;
				PRODUCT_NAME = "$(TARGET_NAME)";
				SKIP_INSTALL = YES;
				SWIFT_VERSION = 4.0;
				TARGETED_DEVICE_FAMILY = "1,2";
			};
			name = Debug;
		};
		04F800D12029940300573EA6 /* Release */ = {
			isa = XCBuildConfiguration;
			buildSettings = {
				CODE_SIGN_ENTITLEMENTS = PocketTunnelProvider/PocketTunnelProvider.entitlements;
				CODE_SIGN_STYLE = Automatic;
				DEVELOPMENT_TEAM = 673R2667ZY;
				FRAMEWORK_SEARCH_PATHS = (
					"$(inherited)",
					"$(PROJECT_DIR)/Carthage/Build/iOS",
				);
				INFOPLIST_FILE = PocketTunnelProvider/Info.plist;
				IPHONEOS_DEPLOYMENT_TARGET = 9.3;
				LD_RUNPATH_SEARCH_PATHS = "$(inherited) @executable_path/Frameworks @executable_path/../../Frameworks";
				PRODUCT_BUNDLE_IDENTIFIER = com.tttpeng.XTool.PocketTunnelProvider;
				PRODUCT_NAME = "$(TARGET_NAME)";
				SKIP_INSTALL = YES;
				SWIFT_VERSION = 4.0;
				TARGETED_DEVICE_FAMILY = "1,2";
			};
			name = Release;
		};
		04F8FE802029854900573EA6 /* Debug */ = {
			isa = XCBuildConfiguration;
			buildSettings = {
				ALWAYS_SEARCH_USER_PATHS = NO;
				CLANG_ANALYZER_NONNULL = YES;
				CLANG_ANALYZER_NUMBER_OBJECT_CONVERSION = YES_AGGRESSIVE;
				CLANG_CXX_LANGUAGE_STANDARD = "gnu++14";
				CLANG_CXX_LIBRARY = "libc++";
				CLANG_ENABLE_MODULES = YES;
				CLANG_ENABLE_OBJC_ARC = YES;
				CLANG_WARN_BLOCK_CAPTURE_AUTORELEASING = YES;
				CLANG_WARN_BOOL_CONVERSION = YES;
				CLANG_WARN_COMMA = YES;
				CLANG_WARN_CONSTANT_CONVERSION = YES;
				CLANG_WARN_DIRECT_OBJC_ISA_USAGE = YES_ERROR;
				CLANG_WARN_DOCUMENTATION_COMMENTS = YES;
				CLANG_WARN_EMPTY_BODY = YES;
				CLANG_WARN_ENUM_CONVERSION = YES;
				CLANG_WARN_INFINITE_RECURSION = YES;
				CLANG_WARN_INT_CONVERSION = YES;
				CLANG_WARN_NON_LITERAL_NULL_CONVERSION = YES;
				CLANG_WARN_OBJC_LITERAL_CONVERSION = YES;
				CLANG_WARN_OBJC_ROOT_CLASS = YES_ERROR;
				CLANG_WARN_RANGE_LOOP_ANALYSIS = YES;
				CLANG_WARN_STRICT_PROTOTYPES = YES;
				CLANG_WARN_SUSPICIOUS_MOVE = YES;
				CLANG_WARN_UNGUARDED_AVAILABILITY = YES_AGGRESSIVE;
				CLANG_WARN_UNREACHABLE_CODE = YES;
				CLANG_WARN__DUPLICATE_METHOD_MATCH = YES;
				CODE_SIGN_IDENTITY = "iPhone Developer";
				COPY_PHASE_STRIP = NO;
				DEBUG_INFORMATION_FORMAT = dwarf;
				ENABLE_STRICT_OBJC_MSGSEND = YES;
				ENABLE_TESTABILITY = YES;
				GCC_C_LANGUAGE_STANDARD = gnu11;
				GCC_DYNAMIC_NO_PIC = NO;
				GCC_NO_COMMON_BLOCKS = YES;
				GCC_OPTIMIZATION_LEVEL = 0;
				GCC_PREPROCESSOR_DEFINITIONS = (
					"DEBUG=1",
					"$(inherited)",
				);
				GCC_WARN_64_TO_32_BIT_CONVERSION = YES;
				GCC_WARN_ABOUT_RETURN_TYPE = YES_ERROR;
				GCC_WARN_UNDECLARED_SELECTOR = YES;
				GCC_WARN_UNINITIALIZED_AUTOS = YES_AGGRESSIVE;
				GCC_WARN_UNUSED_FUNCTION = YES;
				GCC_WARN_UNUSED_VARIABLE = YES;
				IPHONEOS_DEPLOYMENT_TARGET = 11.2;
				MTL_ENABLE_DEBUG_INFO = YES;
				ONLY_ACTIVE_ARCH = YES;
				SDKROOT = iphoneos;
				SWIFT_ACTIVE_COMPILATION_CONDITIONS = DEBUG;
				SWIFT_OPTIMIZATION_LEVEL = "-Onone";
			};
			name = Debug;
		};
		04F8FE812029854900573EA6 /* Release */ = {
			isa = XCBuildConfiguration;
			buildSettings = {
				ALWAYS_SEARCH_USER_PATHS = NO;
				CLANG_ANALYZER_NONNULL = YES;
				CLANG_ANALYZER_NUMBER_OBJECT_CONVERSION = YES_AGGRESSIVE;
				CLANG_CXX_LANGUAGE_STANDARD = "gnu++14";
				CLANG_CXX_LIBRARY = "libc++";
				CLANG_ENABLE_MODULES = YES;
				CLANG_ENABLE_OBJC_ARC = YES;
				CLANG_WARN_BLOCK_CAPTURE_AUTORELEASING = YES;
				CLANG_WARN_BOOL_CONVERSION = YES;
				CLANG_WARN_COMMA = YES;
				CLANG_WARN_CONSTANT_CONVERSION = YES;
				CLANG_WARN_DIRECT_OBJC_ISA_USAGE = YES_ERROR;
				CLANG_WARN_DOCUMENTATION_COMMENTS = YES;
				CLANG_WARN_EMPTY_BODY = YES;
				CLANG_WARN_ENUM_CONVERSION = YES;
				CLANG_WARN_INFINITE_RECURSION = YES;
				CLANG_WARN_INT_CONVERSION = YES;
				CLANG_WARN_NON_LITERAL_NULL_CONVERSION = YES;
				CLANG_WARN_OBJC_LITERAL_CONVERSION = YES;
				CLANG_WARN_OBJC_ROOT_CLASS = YES_ERROR;
				CLANG_WARN_RANGE_LOOP_ANALYSIS = YES;
				CLANG_WARN_STRICT_PROTOTYPES = YES;
				CLANG_WARN_SUSPICIOUS_MOVE = YES;
				CLANG_WARN_UNGUARDED_AVAILABILITY = YES_AGGRESSIVE;
				CLANG_WARN_UNREACHABLE_CODE = YES;
				CLANG_WARN__DUPLICATE_METHOD_MATCH = YES;
				CODE_SIGN_IDENTITY = "iPhone Developer";
				COPY_PHASE_STRIP = NO;
				DEBUG_INFORMATION_FORMAT = "dwarf-with-dsym";
				ENABLE_NS_ASSERTIONS = NO;
				ENABLE_STRICT_OBJC_MSGSEND = YES;
				GCC_C_LANGUAGE_STANDARD = gnu11;
				GCC_NO_COMMON_BLOCKS = YES;
				GCC_WARN_64_TO_32_BIT_CONVERSION = YES;
				GCC_WARN_ABOUT_RETURN_TYPE = YES_ERROR;
				GCC_WARN_UNDECLARED_SELECTOR = YES;
				GCC_WARN_UNINITIALIZED_AUTOS = YES_AGGRESSIVE;
				GCC_WARN_UNUSED_FUNCTION = YES;
				GCC_WARN_UNUSED_VARIABLE = YES;
				IPHONEOS_DEPLOYMENT_TARGET = 11.2;
				MTL_ENABLE_DEBUG_INFO = NO;
				SDKROOT = iphoneos;
				SWIFT_OPTIMIZATION_LEVEL = "-Owholemodule";
				VALIDATE_PRODUCT = YES;
			};
			name = Release;
		};
		04F8FE832029854900573EA6 /* Debug */ = {
			isa = XCBuildConfiguration;
			buildSettings = {
				ALWAYS_EMBED_SWIFT_STANDARD_LIBRARIES = YES;
				ASSETCATALOG_COMPILER_APPICON_NAME = AppIcon;
				CODE_SIGN_ENTITLEMENTS = XTool/XTool.entitlements;
				CODE_SIGN_STYLE = Automatic;
				DEVELOPMENT_TEAM = 673R2667ZY;
				FRAMEWORK_SEARCH_PATHS = (
					"$(inherited)",
					"$(PROJECT_DIR)/Frameworks/iphonesimulator",
					"$(PROJECT_DIR)/Carthage/Build/iOS",
					"$(PROJECT_DIR)/Frameworks",
				);
				INFOPLIST_FILE = XTool/Info.plist;
				IPHONEOS_DEPLOYMENT_TARGET = 9.3;
				LD_RUNPATH_SEARCH_PATHS = "$(inherited) @executable_path/Frameworks";
				PRODUCT_BUNDLE_IDENTIFIER = com.tttpeng.XTool;
				PRODUCT_NAME = "$(TARGET_NAME)";
				SWIFT_VERSION = 4.0;
				TARGETED_DEVICE_FAMILY = "1,2";
			};
			name = Debug;
		};
		04F8FE842029854900573EA6 /* Release */ = {
			isa = XCBuildConfiguration;
			buildSettings = {
				ALWAYS_EMBED_SWIFT_STANDARD_LIBRARIES = YES;
				ASSETCATALOG_COMPILER_APPICON_NAME = AppIcon;
				CODE_SIGN_ENTITLEMENTS = XTool/XTool.entitlements;
				CODE_SIGN_STYLE = Automatic;
				DEVELOPMENT_TEAM = 673R2667ZY;
				FRAMEWORK_SEARCH_PATHS = (
					"$(inherited)",
					"$(PROJECT_DIR)/Frameworks/iphonesimulator",
					"$(PROJECT_DIR)/Carthage/Build/iOS",
					"$(PROJECT_DIR)/Frameworks",
				);
				INFOPLIST_FILE = XTool/Info.plist;
				IPHONEOS_DEPLOYMENT_TARGET = 9.3;
				LD_RUNPATH_SEARCH_PATHS = "$(inherited) @executable_path/Frameworks";
				PRODUCT_BUNDLE_IDENTIFIER = com.tttpeng.XTool;
				PRODUCT_NAME = "$(TARGET_NAME)";
				SWIFT_VERSION = 4.0;
				TARGETED_DEVICE_FAMILY = "1,2";
			};
			name = Release;
		};
/* End XCBuildConfiguration section */

/* Begin XCConfigurationList section */
		04F800CF2029940300573EA6 /* Build configuration list for PBXNativeTarget "PocketTunnelProvider" */ = {
			isa = XCConfigurationList;
			buildConfigurations = (
				04F800D02029940300573EA6 /* Debug */,
				04F800D12029940300573EA6 /* Release */,
			);
			defaultConfigurationIsVisible = 0;
			defaultConfigurationName = Release;
		};
		04F8FE6B2029854900573EA6 /* Build configuration list for PBXProject "XTool" */ = {
			isa = XCConfigurationList;
			buildConfigurations = (
				04F8FE802029854900573EA6 /* Debug */,
				04F8FE812029854900573EA6 /* Release */,
			);
			defaultConfigurationIsVisible = 0;
			defaultConfigurationName = Release;
		};
		04F8FE822029854900573EA6 /* Build configuration list for PBXNativeTarget "XTool" */ = {
			isa = XCConfigurationList;
			buildConfigurations = (
				04F8FE832029854900573EA6 /* Debug */,
				04F8FE842029854900573EA6 /* Release */,
			);
			defaultConfigurationIsVisible = 0;
			defaultConfigurationName = Release;
		};
/* End XCConfigurationList section */
	};
	rootObject = 04F8FE682029854900573EA6 /* Project object */;
}
